
Microsoft Visual Studio Solution File, Format Version 12.00
# Visual Studio Version 16
VisualStudioVersion = 16.0.31410.357
MinimumVisualStudioVersion = 10.0.40219.1
Project("{9092AA53-FB77-4645-B42D-1CCCA6BD08BD}") = "TestTask", "TestTask\TestTask.njsproj", "{205EA067-D5DE-46A5-B4EF-DFCB5CBE4AD4}"
EndProject
Global
	GlobalSection(SolutionConfigurationPlatforms) = preSolution
		Debug|Any CPU = Debug|Any CPU
		Release|Any CPU = Release|Any CPU
	EndGlobalSection
	GlobalSection(ProjectConfigurationPlatforms) = postSolution
		{205EA067-D5DE-46A5-B4EF-DFCB5CBE4AD4}.Debug|Any CPU.ActiveCfg = Debug|Any CPU
		{205EA067-D5DE-46A5-B4EF-DFCB5CBE4AD4}.Debug|Any CPU.Build.0 = Debug|Any CPU
		{205EA067-D5DE-46A5-B4EF-DFCB5CBE4AD4}.Release|Any CPU.ActiveCfg = Release|Any CPU
		{205EA067-D5DE-46A5-B4EF-DFCB5CBE4AD4}.Release|Any CPU.Build.0 = Release|Any CPU
	EndGlobalSection
	GlobalSection(SolutionProperties) = preSolution
		HideSolutionNode = FALSE
	EndGlobalSection
	GlobalSection(ExtensibilityGlobals) = postSolution
		SolutionGuid = {5FADFCD3-07BC-4ABC-9988-2D9B53F34DEB}
	EndGlobalSection
EndGlobal
